// !$*UTF8*$!
{
	archiveVersion = 1;
	classes = {
	};
	objectVersion = 52;
	objects = {

/* Begin PBXBuildFile section */
		5E3EE5A127873B7E00260113 /* SwiftClient in Frameworks */ = {isa = PBXBuildFile; productRef = 5E3EE5A027873B7E00260113 /* SwiftClient */; };
		5E960ACC263876D400FE2891 /* AppDelegate.swift in Sources */ = {isa = PBXBuildFile; fileRef = 5E960ACB263876D400FE2891 /* AppDelegate.swift */; };
		5E960ACE263876D400FE2891 /* SceneDelegate.swift in Sources */ = {isa = PBXBuildFile; fileRef = 5E960ACD263876D400FE2891 /* SceneDelegate.swift */; };
		5E960AD0263876D400FE2891 /* ViewController.swift in Sources */ = {isa = PBXBuildFile; fileRef = 5E960ACF263876D400FE2891 /* ViewController.swift */; };
		5E960AD3263876D400FE2891 /* Main.storyboard in Resources */ = {isa = PBXBuildFile; fileRef = 5E960AD1263876D400FE2891 /* Main.storyboard */; };
		5E960AD5263876D500FE2891 /* Assets.xcassets in Resources */ = {isa = PBXBuildFile; fileRef = 5E960AD4263876D500FE2891 /* Assets.xcassets */; };
		5E960AD8263876D500FE2891 /* LaunchScreen.storyboard in Resources */ = {isa = PBXBuildFile; fileRef = 5E960AD6263876D500FE2891 /* LaunchScreen.storyboard */; };
		5E960AE226387D8400FE2891 /* .gitignore in Resources */ = {isa = PBXBuildFile; fileRef = 5E960AE126387D8400FE2891 /* .gitignore */; };
		5EBE18E026395F610041FF46 /* FrameExtractor.swift in Sources */ = {isa = PBXBuildFile; fileRef = 5EBE18DF26395F610041FF46 /* FrameExtractor.swift */; };
		5EBE18E32639614B0041FF46 /* VisualizerView.swift in Sources */ = {isa = PBXBuildFile; fileRef = 5EBE18E22639614B0041FF46 /* VisualizerView.swift */; };
		5EC8A51E2639B19300AE1284 /* README.md in Resources */ = {isa = PBXBuildFile; fileRef = 5EC8A51D2639B19300AE1284 /* README.md */; };
/* End PBXBuildFile section */

/* Begin PBXFileReference section */
		18B8D2BB2786E5ED003AB381 /* SwiftClient */ = {isa = PBXFileReference; lastKnownFileType = folder; path = SwiftClient; sourceTree = "<group>"; };
		5E960AC8263876D400FE2891 /* Sample App.app */ = {isa = PBXFileReference; explicitFileType = wrapper.application; includeInIndex = 0; path = "Sample App.app"; sourceTree = BUILT_PRODUCTS_DIR; };
		5E960ACB263876D400FE2891 /* AppDelegate.swift */ = {isa = PBXFileReference; lastKnownFileType = sourcecode.swift; path = AppDelegate.swift; sourceTree = "<group>"; };
		5E960ACD263876D400FE2891 /* SceneDelegate.swift */ = {isa = PBXFileReference; lastKnownFileType = sourcecode.swift; path = SceneDelegate.swift; sourceTree = "<group>"; };
		5E960ACF263876D400FE2891 /* ViewController.swift */ = {isa = PBXFileReference; lastKnownFileType = sourcecode.swift; path = ViewController.swift; sourceTree = "<group>"; };
		5E960AD2263876D400FE2891 /* Base */ = {isa = PBXFileReference; lastKnownFileType = file.storyboard; name = Base; path = Base.lproj/Main.storyboard; sourceTree = "<group>"; };
		5E960AD4263876D500FE2891 /* Assets.xcassets */ = {isa = PBXFileReference; lastKnownFileType = folder.assetcatalog; path = Assets.xcassets; sourceTree = "<group>"; };
		5E960AD7263876D500FE2891 /* Base */ = {isa = PBXFileReference; lastKnownFileType = file.storyboard; name = Base; path = Base.lproj/LaunchScreen.storyboard; sourceTree = "<group>"; };
		5E960AD9263876D500FE2891 /* Info.plist */ = {isa = PBXFileReference; lastKnownFileType = text.plist.xml; path = Info.plist; sourceTree = "<group>"; };
		5E960AE126387D8400FE2891 /* .gitignore */ = {isa = PBXFileReference; lastKnownFileType = text; path = .gitignore; sourceTree = "<group>"; };
		5EBE18DF26395F610041FF46 /* FrameExtractor.swift */ = {isa = PBXFileReference; lastKnownFileType = sourcecode.swift; path = FrameExtractor.swift; sourceTree = "<group>"; };
		5EBE18E22639614B0041FF46 /* VisualizerView.swift */ = {isa = PBXFileReference; lastKnownFileType = sourcecode.swift; path = VisualizerView.swift; sourceTree = "<group>"; };
		5EC8A51D2639B19300AE1284 /* README.md */ = {isa = PBXFileReference; lastKnownFileType = net.daringfireball.markdown; path = README.md; sourceTree = "<group>"; };
/* End PBXFileReference section */

/* Begin PBXFrameworksBuildPhase section */
		5E960AC5263876D400FE2891 /* Frameworks */ = {
			isa = PBXFrameworksBuildPhase;
			buildActionMask = 2147483647;
			files = (
				5E3EE5A127873B7E00260113 /* SwiftClient in Frameworks */,
			);
			runOnlyForDeploymentPostprocessing = 0;
		};
/* End PBXFrameworksBuildPhase section */

/* Begin PBXGroup section */
		5E960ABF263876D400FE2891 = {
			isa = PBXGroup;
			children = (
				5EC8A51D2639B19300AE1284 /* README.md */,
				5EBE18C6263952540041FF46 /* Frameworks */,
				5E960AE126387D8400FE2891 /* .gitignore */,
				5E960ACA263876D400FE2891 /* Sample App */,
				5E960AC9263876D400FE2891 /* Products */,
			);
			sourceTree = "<group>";
		};
		5E960AC9263876D400FE2891 /* Products */ = {
			isa = PBXGroup;
			children = (
				5E960AC8263876D400FE2891 /* Sample App.app */,
			);
			name = Products;
			sourceTree = "<group>";
		};
		5E960ACA263876D400FE2891 /* Sample App */ = {
			isa = PBXGroup;
			children = (
				5E960ACB263876D400FE2891 /* AppDelegate.swift */,
				5E960ACD263876D400FE2891 /* SceneDelegate.swift */,
				5E960ACF263876D400FE2891 /* ViewController.swift */,
				5E960AD1263876D400FE2891 /* Main.storyboard */,
				5E960AD4263876D500FE2891 /* Assets.xcassets */,
				5E960AD6263876D500FE2891 /* LaunchScreen.storyboard */,
				5E960AD9263876D500FE2891 /* Info.plist */,
				5EBE18DF26395F610041FF46 /* FrameExtractor.swift */,
				5EBE18E22639614B0041FF46 /* VisualizerView.swift */,
			);
			path = "Sample App";
			sourceTree = "<group>";
		};
		5EBE18C6263952540041FF46 /* Frameworks */ = {
			isa = PBXGroup;
			children = (
				18B8D2BB2786E5ED003AB381 /* SwiftClient */,
			);
			path = Frameworks;
			sourceTree = "<group>";
		};
/* End PBXGroup section */

/* Begin PBXNativeTarget section */
		5E960AC7263876D400FE2891 /* Sample App */ = {
			isa = PBXNativeTarget;
			buildConfigurationList = 5E960ADC263876D500FE2891 /* Build configuration list for PBXNativeTarget "Sample App" */;
			buildPhases = (
				5E960AC4263876D400FE2891 /* Sources */,
				5E960AC5263876D400FE2891 /* Frameworks */,
				5E960AC6263876D400FE2891 /* Resources */,
			);
			buildRules = (
			);
			dependencies = (
			);
			name = "Sample App";
			packageProductDependencies = (
				5E3EE5A027873B7E00260113 /* SwiftClient */,
			);
			productName = "Sample App";
			productReference = 5E960AC8263876D400FE2891 /* Sample App.app */;
			productType = "com.apple.product-type.application";
		};
/* End PBXNativeTarget section */

/* Begin PBXProject section */
		5E960AC0263876D400FE2891 /* Project object */ = {
			isa = PBXProject;
			attributes = {
				LastSwiftUpdateCheck = 1240;
				LastUpgradeCheck = 1240;
				TargetAttributes = {
					5E960AC7263876D400FE2891 = {
						CreatedOnToolsVersion = 12.4;
					};
				};
			};
			buildConfigurationList = 5E960AC3263876D400FE2891 /* Build configuration list for PBXProject "Sample App" */;
			compatibilityVersion = "Xcode 9.3";
			developmentRegion = en;
			hasScannedForEncodings = 0;
			knownRegions = (
				en,
				Base,
			);
			mainGroup = 5E960ABF263876D400FE2891;
			productRefGroup = 5E960AC9263876D400FE2891 /* Products */;
			projectDirPath = "";
			projectRoot = "";
			targets = (
				5E960AC7263876D400FE2891 /* Sample App */,
			);
		};
/* End PBXProject section */

/* Begin PBXResourcesBuildPhase section */
		5E960AC6263876D400FE2891 /* Resources */ = {
			isa = PBXResourcesBuildPhase;
			buildActionMask = 2147483647;
			files = (
				5E960AE226387D8400FE2891 /* .gitignore in Resources */,
				5E960AD8263876D500FE2891 /* LaunchScreen.storyboard in Resources */,
				5EC8A51E2639B19300AE1284 /* README.md in Resources */,
				5E960AD5263876D500FE2891 /* Assets.xcassets in Resources */,
				5E960AD3263876D400FE2891 /* Main.storyboard in Resources */,
			);
			runOnlyForDeploymentPostprocessing = 0;
		};
/* End PBXResourcesBuildPhase section */

/* Begin PBXSourcesBuildPhase section */
		5E960AC4263876D400FE2891 /* Sources */ = {
			isa = PBXSourcesBuildPhase;
			buildActionMask = 2147483647;
			files = (
				5EBE18E32639614B0041FF46 /* VisualizerView.swift in Sources */,
				5E960AD0263876D400FE2891 /* ViewController.swift in Sources */,
				5E960ACC263876D400FE2891 /* AppDelegate.swift in Sources */,
				5EBE18E026395F610041FF46 /* FrameExtractor.swift in Sources */,
				5E960ACE263876D400FE2891 /* SceneDelegate.swift in Sources */,
			);
			runOnlyForDeploymentPostprocessing = 0;
		};
/* End PBXSourcesBuildPhase section */

/* Begin PBXVariantGroup section */
		5E960AD1263876D400FE2891 /* Main.storyboard */ = {
			isa = PBXVariantGroup;
			children = (
				5E960AD2263876D400FE2891 /* Base */,
			);
			name = Main.storyboard;
			sourceTree = "<group>";
		};
		5E960AD6263876D500FE2891 /* LaunchScreen.storyboard */ = {
			isa = PBXVariantGroup;
			children = (
				5E960AD7263876D500FE2891 /* Base */,
			);
			name = LaunchScreen.storyboard;
			sourceTree = "<group>";
		};
/* End PBXVariantGroup section */

/* Begin XCBuildConfiguration section */
		5E960ADA263876D500FE2891 /* Debug */ = {
			isa = XCBuildConfiguration;
			buildSettings = {
				ALWAYS_SEARCH_USER_PATHS = NO;
				CLANG_ANALYZER_NONNULL = YES;
				CLANG_ANALYZER_NUMBER_OBJECT_CONVERSION = YES_AGGRESSIVE;
				CLANG_CXX_LANGUAGE_STANDARD = "gnu++14";
				CLANG_CXX_LIBRARY = "libc++";
				CLANG_ENABLE_MODULES = YES;
				CLANG_ENABLE_OBJC_ARC = YES;
				CLANG_ENABLE_OBJC_WEAK = YES;
				CLANG_WARN_BLOCK_CAPTURE_AUTORELEASING = YES;
				CLANG_WARN_BOOL_CONVERSION = YES;
				CLANG_WARN_COMMA = YES;
				CLANG_WARN_CONSTANT_CONVERSION = YES;
				CLANG_WARN_DEPRECATED_OBJC_IMPLEMENTATIONS = YES;
				CLANG_WARN_DIRECT_OBJC_ISA_USAGE = YES_ERROR;
				CLANG_WARN_DOCUMENTATION_COMMENTS = YES;
				CLANG_WARN_EMPTY_BODY = YES;
				CLANG_WARN_ENUM_CONVERSION = YES;
				CLANG_WARN_INFINITE_RECURSION = YES;
				CLANG_WARN_INT_CONVERSION = YES;
				CLANG_WARN_NON_LITERAL_NULL_CONVERSION = YES;
				CLANG_WARN_OBJC_IMPLICIT_RETAIN_SELF = YES;
				CLANG_WARN_OBJC_LITERAL_CONVERSION = YES;
				CLANG_WARN_OBJC_ROOT_CLASS = YES_ERROR;
				CLANG_WARN_QUOTED_INCLUDE_IN_FRAMEWORK_HEADER = YES;
				CLANG_WARN_RANGE_LOOP_ANALYSIS = YES;
				CLANG_WARN_STRICT_PROTOTYPES = YES;
				CLANG_WARN_SUSPICIOUS_MOVE = YES;
				CLANG_WARN_UNGUARDED_AVAILABILITY = YES_AGGRESSIVE;
				CLANG_WARN_UNREACHABLE_CODE = YES;
				CLANG_WARN__DUPLICATE_METHOD_MATCH = YES;
				COPY_PHASE_STRIP = NO;
				DEBUG_INFORMATION_FORMAT = dwarf;
				ENABLE_STRICT_OBJC_MSGSEND = YES;
				ENABLE_TESTABILITY = YES;
				GCC_C_LANGUAGE_STANDARD = gnu11;
				GCC_DYNAMIC_NO_PIC = NO;
				GCC_NO_COMMON_BLOCKS = YES;
				GCC_OPTIMIZATION_LEVEL = 0;
				GCC_PREPROCESSOR_DEFINITIONS = (
					"DEBUG=1",
					"$(inherited)",
				);
				GCC_WARN_64_TO_32_BIT_CONVERSION = YES;
				GCC_WARN_ABOUT_RETURN_TYPE = YES_ERROR;
				GCC_WARN_UNDECLARED_SELECTOR = YES;
				GCC_WARN_UNINITIALIZED_AUTOS = YES_AGGRESSIVE;
				GCC_WARN_UNUSED_FUNCTION = YES;
				GCC_WARN_UNUSED_VARIABLE = YES;
				IPHONEOS_DEPLOYMENT_TARGET = 13.6;
				MTL_ENABLE_DEBUG_INFO = INCLUDE_SOURCE;
				MTL_FAST_MATH = YES;
				ONLY_ACTIVE_ARCH = YES;
				SDKROOT = iphoneos;
				SWIFT_ACTIVE_COMPILATION_CONDITIONS = DEBUG;
				SWIFT_OPTIMIZATION_LEVEL = "-Onone";
			};
			name = Debug;
		};
		5E960ADB263876D500FE2891 /* Release */ = {
			isa = XCBuildConfiguration;
			buildSettings = {
				ALWAYS_SEARCH_USER_PATHS = NO;
				CLANG_ANALYZER_NONNULL = YES;
				CLANG_ANALYZER_NUMBER_OBJECT_CONVERSION = YES_AGGRESSIVE;
				CLANG_CXX_LANGUAGE_STANDARD = "gnu++14";
				CLANG_CXX_LIBRARY = "libc++";
				CLANG_ENABLE_MODULES = YES;
				CLANG_ENABLE_OBJC_ARC = YES;
				CLANG_ENABLE_OBJC_WEAK = YES;
				CLANG_WARN_BLOCK_CAPTURE_AUTORELEASING = YES;
				CLANG_WARN_BOOL_CONVERSION = YES;
				CLANG_WARN_COMMA = YES;
				CLANG_WARN_CONSTANT_CONVERSION = YES;
				CLANG_WARN_DEPRECATED_OBJC_IMPLEMENTATIONS = YES;
				CLANG_WARN_DIRECT_OBJC_ISA_USAGE = YES_ERROR;
				CLANG_WARN_DOCUMENTATION_COMMENTS = YES;
				CLANG_WARN_EMPTY_BODY = YES;
				CLANG_WARN_ENUM_CONVERSION = YES;
				CLANG_WARN_INFINITE_RECURSION = YES;
				CLANG_WARN_INT_CONVERSION = YES;
				CLANG_WARN_NON_LITERAL_NULL_CONVERSION = YES;
				CLANG_WARN_OBJC_IMPLICIT_RETAIN_SELF = YES;
				CLANG_WARN_OBJC_LITERAL_CONVERSION = YES;
				CLANG_WARN_OBJC_ROOT_CLASS = YES_ERROR;
				CLANG_WARN_QUOTED_INCLUDE_IN_FRAMEWORK_HEADER = YES;
				CLANG_WARN_RANGE_LOOP_ANALYSIS = YES;
				CLANG_WARN_STRICT_PROTOTYPES = YES;
				CLANG_WARN_SUSPICIOUS_MOVE = YES;
				CLANG_WARN_UNGUARDED_AVAILABILITY = YES_AGGRESSIVE;
				CLANG_WARN_UNREACHABLE_CODE = YES;
				CLANG_WARN__DUPLICATE_METHOD_MATCH = YES;
				COPY_PHASE_STRIP = NO;
				DEBUG_INFORMATION_FORMAT = "dwarf-with-dsym";
				ENABLE_NS_ASSERTIONS = NO;
				ENABLE_STRICT_OBJC_MSGSEND = YES;
				GCC_C_LANGUAGE_STANDARD = gnu11;
				GCC_NO_COMMON_BLOCKS = YES;
				GCC_WARN_64_TO_32_BIT_CONVERSION = YES;
				GCC_WARN_ABOUT_RETURN_TYPE = YES_ERROR;
				GCC_WARN_UNDECLARED_SELECTOR = YES;
				GCC_WARN_UNINITIALIZED_AUTOS = YES_AGGRESSIVE;
				GCC_WARN_UNUSED_FUNCTION = YES;
				GCC_WARN_UNUSED_VARIABLE = YES;
				IPHONEOS_DEPLOYMENT_TARGET = 13.6;
				MTL_ENABLE_DEBUG_INFO = NO;
				MTL_FAST_MATH = YES;
				SDKROOT = iphoneos;
				SWIFT_COMPILATION_MODE = wholemodule;
				SWIFT_OPTIMIZATION_LEVEL = "-O";
				VALIDATE_PRODUCT = YES;
			};
			name = Release;
		};
		5E960ADD263876D500FE2891 /* Debug */ = {
			isa = XCBuildConfiguration;
			buildSettings = {
				ASSETCATALOG_COMPILER_APPICON_NAME = AppIcon;
				ASSETCATALOG_COMPILER_GLOBAL_ACCENT_COLOR_NAME = AccentColor;
				CODE_SIGN_STYLE = Automatic;
				DEVELOPMENT_TEAM = Z4FH7W8392;
				INFOPLIST_FILE = "Sample App/Info.plist";
				LD_RUNPATH_SEARCH_PATHS = (
					"$(inherited)",
					"@executable_path/Frameworks",
				);
				PRODUCT_BUNDLE_IDENTIFIER = "org.vay.Sample-App";
				PRODUCT_NAME = "$(TARGET_NAME)";
				SWIFT_VERSION = 5.0;
				TARGETED_DEVICE_FAMILY = "1,2";
			};
			name = Debug;
		};
		5E960ADE263876D500FE2891 /* Release */ = {
			isa = XCBuildConfiguration;
			buildSettings = {
				ASSETCATALOG_COMPILER_APPICON_NAME = AppIcon;
				ASSETCATALOG_COMPILER_GLOBAL_ACCENT_COLOR_NAME = AccentColor;
				CODE_SIGN_STYLE = Automatic;
				DEVELOPMENT_TEAM = Z4FH7W8392;
				INFOPLIST_FILE = "Sample App/Info.plist";
				LD_RUNPATH_SEARCH_PATHS = (
					"$(inherited)",
					"@executable_path/Frameworks",
				);
				PRODUCT_BUNDLE_IDENTIFIER = "org.vay.Sample-App";
				PRODUCT_NAME = "$(TARGET_NAME)";
				SWIFT_VERSION = 5.0;
				TARGETED_DEVICE_FAMILY = "1,2";
			};
			name = Release;
		};
/* End XCBuildConfiguration section */

/* Begin XCConfigurationList section */
		5E960AC3263876D400FE2891 /* Build configuration list for PBXProject "Sample App" */ = {
			isa = XCConfigurationList;
			buildConfigurations = (
				5E960ADA263876D500FE2891 /* Debug */,
				5E960ADB263876D500FE2891 /* Release */,
			);
			defaultConfigurationIsVisible = 0;
			defaultConfigurationName = Release;
		};
		5E960ADC263876D500FE2891 /* Build configuration list for PBXNativeTarget "Sample App" */ = {
			isa = XCConfigurationList;
			buildConfigurations = (
				5E960ADD263876D500FE2891 /* Debug */,
				5E960ADE263876D500FE2891 /* Release */,
			);
			defaultConfigurationIsVisible = 0;
			defaultConfigurationName = Release;
		};
/* End XCConfigurationList section */

/* Begin XCSwiftPackageProductDependency section */
		5E3EE5A027873B7E00260113 /* SwiftClient */ = {
			isa = XCSwiftPackageProductDependency;
			productName = SwiftClient;
		};
/* End XCSwiftPackageProductDependency section */
	};
	rootObject = 5E960AC0263876D400FE2891 /* Project object */;
}
